// !$*UTF8*$!
{
	archiveVersion = 1;
	classes = {
	};
	objectVersion = 50;
	objects = {

/* Begin PBXBuildFile section */
		A998EB4C26D597A600B08209 /* AppDelegate.swift in Sources */ = {isa = PBXBuildFile; fileRef = A998EB4B26D597A600B08209 /* AppDelegate.swift */; };
		A998EB4E26D597A600B08209 /* SceneDelegate.swift in Sources */ = {isa = PBXBuildFile; fileRef = A998EB4D26D597A600B08209 /* SceneDelegate.swift */; };
		A998EB5026D597A600B08209 /* ViewController.swift in Sources */ = {isa = PBXBuildFile; fileRef = A998EB4F26D597A600B08209 /* ViewController.swift */; };
		A998EB5326D597A600B08209 /* Main.storyboard in Resources */ = {isa = PBXBuildFile; fileRef = A998EB5126D597A600B08209 /* Main.storyboard */; };
		A998EB5526D597A900B08209 /* Assets.xcassets in Resources */ = {isa = PBXBuildFile; fileRef = A998EB5426D597A900B08209 /* Assets.xcassets */; };
		A998EB5826D597A900B08209 /* LaunchScreen.storyboard in Resources */ = {isa = PBXBuildFile; fileRef = A998EB5626D597A900B08209 /* LaunchScreen.storyboard */; };
		A998EB6326D597A900B08209 /* preworkTests.swift in Sources */ = {isa = PBXBuildFile; fileRef = A998EB6226D597A900B08209 /* preworkTests.swift */; };
		A998EB6E26D597A900B08209 /* preworkUITests.swift in Sources */ = {isa = PBXBuildFile; fileRef = A998EB6D26D597A900B08209 /* preworkUITests.swift */; };
/* End PBXBuildFile section */

/* Begin PBXContainerItemProxy section */
		A998EB5F26D597A900B08209 /* PBXContainerItemProxy */ = {
			isa = PBXContainerItemProxy;
			containerPortal = A998EB4026D597A600B08209 /* Project object */;
			proxyType = 1;
			remoteGlobalIDString = A998EB4726D597A600B08209;
			remoteInfo = prework;
		};
		A998EB6A26D597A900B08209 /* PBXContainerItemProxy */ = {
			isa = PBXContainerItemProxy;
			containerPortal = A998EB4026D597A600B08209 /* Project object */;
			proxyType = 1;
			remoteGlobalIDString = A998EB4726D597A600B08209;
			remoteInfo = prework;
		};
/* End PBXContainerItemProxy section */

/* Begin PBXFileReference section */
		A998EB4826D597A600B08209 /* prework.app */ = {isa = PBXFileReference; explicitFileType = wrapper.application; includeInIndex = 0; path = prework.app; sourceTree = BUILT_PRODUCTS_DIR; };
		A998EB4B26D597A600B08209 /* AppDelegate.swift */ = {isa = PBXFileReference; lastKnownFileType = sourcecode.swift; path = AppDelegate.swift; sourceTree = "<group>"; };
		A998EB4D26D597A600B08209 /* SceneDelegate.swift */ = {isa = PBXFileReference; lastKnownFileType = sourcecode.swift; path = SceneDelegate.swift; sourceTree = "<group>"; };
		A998EB4F26D597A600B08209 /* ViewController.swift */ = {isa = PBXFileReference; lastKnownFileType = sourcecode.swift; path = ViewController.swift; sourceTree = "<group>"; };
		A998EB5226D597A600B08209 /* Base */ = {isa = PBXFileReference; lastKnownFileType = file.storyboard; name = Base; path = Base.lproj/Main.storyboard; sourceTree = "<group>"; };
		A998EB5426D597A900B08209 /* Assets.xcassets */ = {isa = PBXFileReference; lastKnownFileType = folder.assetcatalog; path = Assets.xcassets; sourceTree = "<group>"; };
		A998EB5726D597A900B08209 /* Base */ = {isa = PBXFileReference; lastKnownFileType = file.storyboard; name = Base; path = Base.lproj/LaunchScreen.storyboard; sourceTree = "<group>"; };
		A998EB5926D597A900B08209 /* Info.plist */ = {isa = PBXFileReference; lastKnownFileType = text.plist.xml; path = Info.plist; sourceTree = "<group>"; };
		A998EB5E26D597A900B08209 /* preworkTests.xctest */ = {isa = PBXFileReference; explicitFileType = wrapper.cfbundle; includeInIndex = 0; path = preworkTests.xctest; sourceTree = BUILT_PRODUCTS_DIR; };
		A998EB6226D597A900B08209 /* preworkTests.swift */ = {isa = PBXFileReference; lastKnownFileType = sourcecode.swift; path = preworkTests.swift; sourceTree = "<group>"; };
		A998EB6426D597A900B08209 /* Info.plist */ = {isa = PBXFileReference; lastKnownFileType = text.plist.xml; path = Info.plist; sourceTree = "<group>"; };
		A998EB6926D597A900B08209 /* preworkUITests.xctest */ = {isa = PBXFileReference; explicitFileType = wrapper.cfbundle; includeInIndex = 0; path = preworkUITests.xctest; sourceTree = BUILT_PRODUCTS_DIR; };
		A998EB6D26D597A900B08209 /* preworkUITests.swift */ = {isa = PBXFileReference; lastKnownFileType = sourcecode.swift; path = preworkUITests.swift; sourceTree = "<group>"; };
		A998EB6F26D597A900B08209 /* Info.plist */ = {isa = PBXFileReference; lastKnownFileType = text.plist.xml; path = Info.plist; sourceTree = "<group>"; };
/* End PBXFileReference section */

/* Begin PBXFrameworksBuildPhase section */
		A998EB4526D597A600B08209 /* Frameworks */ = {
			isa = PBXFrameworksBuildPhase;
			buildActionMask = 2147483647;
			files = (
			);
			runOnlyForDeploymentPostprocessing = 0;
		};
		A998EB5B26D597A900B08209 /* Frameworks */ = {
			isa = PBXFrameworksBuildPhase;
			buildActionMask = 2147483647;
			files = (
			);
			runOnlyForDeploymentPostprocessing = 0;
		};
		A998EB6626D597A900B08209 /* Frameworks */ = {
			isa = PBXFrameworksBuildPhase;
			buildActionMask = 2147483647;
			files = (
			);
			runOnlyForDeploymentPostprocessing = 0;
		};
/* End PBXFrameworksBuildPhase section */

/* Begin PBXGroup section */
		A998EB3F26D597A600B08209 = {
			isa = PBXGroup;
			children = (
				A998EB4A26D597A600B08209 /* prework */,
				A998EB6126D597A900B08209 /* preworkTests */,
				A998EB6C26D597A900B08209 /* preworkUITests */,
				A998EB4926D597A600B08209 /* Products */,
			);
			sourceTree = "<group>";
		};
		A998EB4926D597A600B08209 /* Products */ = {
			isa = PBXGroup;
			children = (
				A998EB4826D597A600B08209 /* prework.app */,
				A998EB5E26D597A900B08209 /* preworkTests.xctest */,
				A998EB6926D597A900B08209 /* preworkUITests.xctest */,
			);
			name = Products;
			sourceTree = "<group>";
		};
		A998EB4A26D597A600B08209 /* prework */ = {
			isa = PBXGroup;
			children = (
				A998EB4B26D597A600B08209 /* AppDelegate.swift */,
				A998EB4D26D597A600B08209 /* SceneDelegate.swift */,
				A998EB4F26D597A600B08209 /* ViewController.swift */,
				A998EB5126D597A600B08209 /* Main.storyboard */,
				A998EB5426D597A900B08209 /* Assets.xcassets */,
				A998EB5626D597A900B08209 /* LaunchScreen.storyboard */,
				A998EB5926D597A900B08209 /* Info.plist */,
			);
			path = prework;
			sourceTree = "<group>";
		};
		A998EB6126D597A900B08209 /* preworkTests */ = {
			isa = PBXGroup;
			children = (
				A998EB6226D597A900B08209 /* preworkTests.swift */,
				A998EB6426D597A900B08209 /* Info.plist */,
			);
			path = preworkTests;
			sourceTree = "<group>";
		};
		A998EB6C26D597A900B08209 /* preworkUITests */ = {
			isa = PBXGroup;
			children = (
				A998EB6D26D597A900B08209 /* preworkUITests.swift */,
				A998EB6F26D597A900B08209 /* Info.plist */,
			);
			path = preworkUITests;
			sourceTree = "<group>";
		};
/* End PBXGroup section */

/* Begin PBXNativeTarget section */
		A998EB4726D597A600B08209 /* prework */ = {
			isa = PBXNativeTarget;
			buildConfigurationList = A998EB7226D597A900B08209 /* Build configuration list for PBXNativeTarget "prework" */;
			buildPhases = (
				A998EB4426D597A600B08209 /* Sources */,
				A998EB4526D597A600B08209 /* Frameworks */,
				A998EB4626D597A600B08209 /* Resources */,
			);
			buildRules = (
			);
			dependencies = (
			);
			name = prework;
			productName = prework;
			productReference = A998EB4826D597A600B08209 /* prework.app */;
			productType = "com.apple.product-type.application";
		};
		A998EB5D26D597A900B08209 /* preworkTests */ = {
			isa = PBXNativeTarget;
			buildConfigurationList = A998EB7526D597A900B08209 /* Build configuration list for PBXNativeTarget "preworkTests" */;
			buildPhases = (
				A998EB5A26D597A900B08209 /* Sources */,
				A998EB5B26D597A900B08209 /* Frameworks */,
				A998EB5C26D597A900B08209 /* Resources */,
			);
			buildRules = (
			);
			dependencies = (
				A998EB6026D597A900B08209 /* PBXTargetDependency */,
			);
			name = preworkTests;
			productName = preworkTests;
			productReference = A998EB5E26D597A900B08209 /* preworkTests.xctest */;
			productType = "com.apple.product-type.bundle.unit-test";
		};
		A998EB6826D597A900B08209 /* preworkUITests */ = {
			isa = PBXNativeTarget;
			buildConfigurationList = A998EB7826D597A900B08209 /* Build configuration list for PBXNativeTarget "preworkUITests" */;
			buildPhases = (
				A998EB6526D597A900B08209 /* Sources */,
				A998EB6626D597A900B08209 /* Frameworks */,
				A998EB6726D597A900B08209 /* Resources */,
			);
			buildRules = (
			);
			dependencies = (
				A998EB6B26D597A900B08209 /* PBXTargetDependency */,
			);
			name = preworkUITests;
			productName = preworkUITests;
			productReference = A998EB6926D597A900B08209 /* preworkUITests.xctest */;
			productType = "com.apple.product-type.bundle.ui-testing";
		};
/* End PBXNativeTarget section */

/* Begin PBXProject section */
		A998EB4026D597A600B08209 /* Project object */ = {
			isa = PBXProject;
			attributes = {
				LastSwiftUpdateCheck = 1250;
				LastUpgradeCheck = 1250;
				TargetAttributes = {
					A998EB4726D597A600B08209 = {
						CreatedOnToolsVersion = 12.5.1;
					};
					A998EB5D26D597A900B08209 = {
						CreatedOnToolsVersion = 12.5.1;
						TestTargetID = A998EB4726D597A600B08209;
					};
					A998EB6826D597A900B08209 = {
						CreatedOnToolsVersion = 12.5.1;
						TestTargetID = A998EB4726D597A600B08209;
					};
				};
			};
			buildConfigurationList = A998EB4326D597A600B08209 /* Build configuration list for PBXProject "prework" */;
			compatibilityVersion = "Xcode 9.3";
			developmentRegion = en;
			hasScannedForEncodings = 0;
			knownRegions = (
				en,
				Base,
			);
			mainGroup = A998EB3F26D597A600B08209;
			productRefGroup = A998EB4926D597A600B08209 /* Products */;
			projectDirPath = "";
			projectRoot = "";
			targets = (
				A998EB4726D597A600B08209 /* prework */,
				A998EB5D26D597A900B08209 /* preworkTests */,
				A998EB6826D597A900B08209 /* preworkUITests */,
			);
		};
/* End PBXProject section */

/* Begin PBXResourcesBuildPhase section */
		A998EB4626D597A600B08209 /* Resources */ = {
			isa = PBXResourcesBuildPhase;
			buildActionMask = 2147483647;
			files = (
				A998EB5826D597A900B08209 /* LaunchScreen.storyboard in Resources */,
				A998EB5526D597A900B08209 /* Assets.xcassets in Resources */,
				A998EB5326D597A600B08209 /* Main.storyboard in Resources */,
			);
			runOnlyForDeploymentPostprocessing = 0;
		};
		A998EB5C26D597A900B08209 /* Resources */ = {
			isa = PBXResourcesBuildPhase;
			buildActionMask = 2147483647;
			files = (
			);
			runOnlyForDeploymentPostprocessing = 0;
		};
		A998EB6726D597A900B08209 /* Resources */ = {
			isa = PBXResourcesBuildPhase;
			buildActionMask = 2147483647;
			files = (
			);
			runOnlyForDeploymentPostprocessing = 0;
		};
/* End PBXResourcesBuildPhase section */

/* Begin PBXSourcesBuildPhase section */
		A998EB4426D597A600B08209 /* Sources */ = {
			isa = PBXSourcesBuildPhase;
			buildActionMask = 2147483647;
			files = (
				A998EB5026D597A600B08209 /* ViewController.swift in Sources */,
				A998EB4C26D597A600B08209 /* AppDelegate.swift in Sources */,
				A998EB4E26D597A600B08209 /* SceneDelegate.swift in Sources */,
			);
			runOnlyForDeploymentPostprocessing = 0;
		};
		A998EB5A26D597A900B08209 /* Sources */ = {
			isa = PBXSourcesBuildPhase;
			buildActionMask = 2147483647;
			files = (
				A998EB6326D597A900B08209 /* preworkTests.swift in Sources */,
			);
			runOnlyForDeploymentPostprocessing = 0;
		};
		A998EB6526D597A900B08209 /* Sources */ = {
			isa = PBXSourcesBuildPhase;
			buildActionMask = 2147483647;
			files = (
				A998EB6E26D597A900B08209 /* preworkUITests.swift in Sources */,
			);
			runOnlyForDeploymentPostprocessing = 0;
		};
/* End PBXSourcesBuildPhase section */

/* Begin PBXTargetDependency section */
		A998EB6026D597A900B08209 /* PBXTargetDependency */ = {
			isa = PBXTargetDependency;
			target = A998EB4726D597A600B08209 /* prework */;
			targetProxy = A998EB5F26D597A900B08209 /* PBXContainerItemProxy */;
		};
		A998EB6B26D597A900B08209 /* PBXTargetDependency */ = {
			isa = PBXTargetDependency;
			target = A998EB4726D597A600B08209 /* prework */;
			targetProxy = A998EB6A26D597A900B08209 /* PBXContainerItemProxy */;
		};
/* End PBXTargetDependency section */

/* Begin PBXVariantGroup section */
		A998EB5126D597A600B08209 /* Main.storyboard */ = {
			isa = PBXVariantGroup;
			children = (
				A998EB5226D597A600B08209 /* Base */,
			);
			name = Main.storyboard;
			sourceTree = "<group>";
		};
		A998EB5626D597A900B08209 /* LaunchScreen.storyboard */ = {
			isa = PBXVariantGroup;
			children = (
				A998EB5726D597A900B08209 /* Base */,
			);
			name = LaunchScreen.storyboard;
			sourceTree = "<group>";
		};
/* End PBXVariantGroup section */

/* Begin XCBuildConfiguration section */
		A998EB7026D597A900B08209 /* Debug */ = {
			isa = XCBuildConfiguration;
			buildSettings = {
				ALWAYS_SEARCH_USER_PATHS = NO;
				CLANG_ANALYZER_NONNULL = YES;
				CLANG_ANALYZER_NUMBER_OBJECT_CONVERSION = YES_AGGRESSIVE;
				CLANG_CXX_LANGUAGE_STANDARD = "gnu++14";
				CLANG_CXX_LIBRARY = "libc++";
				CLANG_ENABLE_MODULES = YES;
				CLANG_ENABLE_OBJC_ARC = YES;
				CLANG_ENABLE_OBJC_WEAK = YES;
				CLANG_WARN_BLOCK_CAPTURE_AUTORELEASING = YES;
				CLANG_WARN_BOOL_CONVERSION = YES;
				CLANG_WARN_COMMA = YES;
				CLANG_WARN_CONSTANT_CONVERSION = YES;
				CLANG_WARN_DEPRECATED_OBJC_IMPLEMENTATIONS = YES;
				CLANG_WARN_DIRECT_OBJC_ISA_USAGE = YES_ERROR;
				CLANG_WARN_DOCUMENTATION_COMMENTS = YES;
				CLANG_WARN_EMPTY_BODY = YES;
				CLANG_WARN_ENUM_CONVERSION = YES;
				CLANG_WARN_INFINITE_RECURSION = YES;
				CLANG_WARN_INT_CONVERSION = YES;
				CLANG_WARN_NON_LITERAL_NULL_CONVERSION = YES;
				CLANG_WARN_OBJC_IMPLICIT_RETAIN_SELF = YES;
				CLANG_WARN_OBJC_LITERAL_CONVERSION = YES;
				CLANG_WARN_OBJC_ROOT_CLASS = YES_ERROR;
				CLANG_WARN_QUOTED_INCLUDE_IN_FRAMEWORK_HEADER = YES;
				CLANG_WARN_RANGE_LOOP_ANALYSIS = YES;
				CLANG_WARN_STRICT_PROTOTYPES = YES;
				CLANG_WARN_SUSPICIOUS_MOVE = YES;
				CLANG_WARN_UNGUARDED_AVAILABILITY = YES_AGGRESSIVE;
				CLANG_WARN_UNREACHABLE_CODE = YES;
				CLANG_WARN__DUPLICATE_METHOD_MATCH = YES;
				COPY_PHASE_STRIP = NO;
				DEBUG_INFORMATION_FORMAT = dwarf;
				ENABLE_STRICT_OBJC_MSGSEND = YES;
				ENABLE_TESTABILITY = YES;
				GCC_C_LANGUAGE_STANDARD = gnu11;
				GCC_DYNAMIC_NO_PIC = NO;
				GCC_NO_COMMON_BLOCKS = YES;
				GCC_OPTIMIZATION_LEVEL = 0;
				GCC_PREPROCESSOR_DEFINITIONS = (
					"DEBUG=1",
					"$(inherited)",
				);
				GCC_WARN_64_TO_32_BIT_CONVERSION = YES;
				GCC_WARN_ABOUT_RETURN_TYPE = YES_ERROR;
				GCC_WARN_UNDECLARED_SELECTOR = YES;
				GCC_WARN_UNINITIALIZED_AUTOS = YES_AGGRESSIVE;
				GCC_WARN_UNUSED_FUNCTION = YES;
				GCC_WARN_UNUSED_VARIABLE = YES;
				IPHONEOS_DEPLOYMENT_TARGET = 14.5;
				MTL_ENABLE_DEBUG_INFO = INCLUDE_SOURCE;
				MTL_FAST_MATH = YES;
				ONLY_ACTIVE_ARCH = YES;
				SDKROOT = iphoneos;
				SWIFT_ACTIVE_COMPILATION_CONDITIONS = DEBUG;
				SWIFT_OPTIMIZATION_LEVEL = "-Onone";
			};
			name = Debug;
		};
		A998EB7126D597A900B08209 /* Release */ = {
			isa = XCBuildConfiguration;
			buildSettings = {
				ALWAYS_SEARCH_USER_PATHS = NO;
				CLANG_ANALYZER_NONNULL = YES;
				CLANG_ANALYZER_NUMBER_OBJECT_CONVERSION = YES_AGGRESSIVE;
				CLANG_CXX_LANGUAGE_STANDARD = "gnu++14";
				CLANG_CXX_LIBRARY = "libc++";
				CLANG_ENABLE_MODULES = YES;
				CLANG_ENABLE_OBJC_ARC = YES;
				CLANG_ENABLE_OBJC_WEAK = YES;
				CLANG_WARN_BLOCK_CAPTURE_AUTORELEASING = YES;
				CLANG_WARN_BOOL_CONVERSION = YES;
				CLANG_WARN_COMMA = YES;
				CLANG_WARN_CONSTANT_CONVERSION = YES;
				CLANG_WARN_DEPRECATED_OBJC_IMPLEMENTATIONS = YES;
				CLANG_WARN_DIRECT_OBJC_ISA_USAGE = YES_ERROR;
				CLANG_WARN_DOCUMENTATION_COMMENTS = YES;
				CLANG_WARN_EMPTY_BODY = YES;
				CLANG_WARN_ENUM_CONVERSION = YES;
				CLANG_WARN_INFINITE_RECURSION = YES;
				CLANG_WARN_INT_CONVERSION = YES;
				CLANG_WARN_NON_LITERAL_NULL_CONVERSION = YES;
				CLANG_WARN_OBJC_IMPLICIT_RETAIN_SELF = YES;
				CLANG_WARN_OBJC_LITERAL_CONVERSION = YES;
				CLANG_WARN_OBJC_ROOT_CLASS = YES_ERROR;
				CLANG_WARN_QUOTED_INCLUDE_IN_FRAMEWORK_HEADER = YES;
				CLANG_WARN_RANGE_LOOP_ANALYSIS = YES;
				CLANG_WARN_STRICT_PROTOTYPES = YES;
				CLANG_WARN_SUSPICIOUS_MOVE = YES;
				CLANG_WARN_UNGUARDED_AVAILABILITY = YES_AGGRESSIVE;
				CLANG_WARN_UNREACHABLE_CODE = YES;
				CLANG_WARN__DUPLICATE_METHOD_MATCH = YES;
				COPY_PHASE_STRIP = NO;
				DEBUG_INFORMATION_FORMAT = "dwarf-with-dsym";
				ENABLE_NS_ASSERTIONS = NO;
				ENABLE_STRICT_OBJC_MSGSEND = YES;
				GCC_C_LANGUAGE_STANDARD = gnu11;
				GCC_NO_COMMON_BLOCKS = YES;
				GCC_WARN_64_TO_32_BIT_CONVERSION = YES;
				GCC_WARN_ABOUT_RETURN_TYPE = YES_ERROR;
				GCC_WARN_UNDECLARED_SELECTOR = YES;
				GCC_WARN_UNINITIALIZED_AUTOS = YES_AGGRESSIVE;
				GCC_WARN_UNUSED_FUNCTION = YES;
				GCC_WARN_UNUSED_VARIABLE = YES;
				IPHONEOS_DEPLOYMENT_TARGET = 14.5;
				MTL_ENABLE_DEBUG_INFO = NO;
				MTL_FAST_MATH = YES;
				SDKROOT = iphoneos;
				SWIFT_COMPILATION_MODE = wholemodule;
				SWIFT_OPTIMIZATION_LEVEL = "-O";
				VALIDATE_PRODUCT = YES;
			};
			name = Release;
		};
		A998EB7326D597A900B08209 /* Debug */ = {
			isa = XCBuildConfiguration;
			buildSettings = {
				ASSETCATALOG_COMPILER_APPICON_NAME = AppIcon;
				ASSETCATALOG_COMPILER_GLOBAL_ACCENT_COLOR_NAME = AccentColor;
				CODE_SIGN_STYLE = Automatic;
				INFOPLIST_FILE = prework/Info.plist;
				LD_RUNPATH_SEARCH_PATHS = (
					"$(inherited)",
					"@executable_path/Frameworks",
				);
				PRODUCT_BUNDLE_IDENTIFIER = memo.com.prework;
				PRODUCT_NAME = "$(TARGET_NAME)";
				SWIFT_VERSION = 5.0;
				TARGETED_DEVICE_FAMILY = "1,2";
			};
			name = Debug;
		};
		A998EB7426D597A900B08209 /* Release */ = {
			isa = XCBuildConfiguration;
			buildSettings = {
				ASSETCATALOG_COMPILER_APPICON_NAME = AppIcon;
				ASSETCATALOG_COMPILER_GLOBAL_ACCENT_COLOR_NAME = AccentColor;
				CODE_SIGN_STYLE = Automatic;
				INFOPLIST_FILE = prework/Info.plist;
				LD_RUNPATH_SEARCH_PATHS = (
					"$(inherited)",
					"@executable_path/Frameworks",
				);
				PRODUCT_BUNDLE_IDENTIFIER = memo.com.prework;
				PRODUCT_NAME = "$(TARGET_NAME)";
				SWIFT_VERSION = 5.0;
				TARGETED_DEVICE_FAMILY = "1,2";
			};
			name = Release;
		};
		A998EB7626D597A900B08209 /* Debug */ = {
			isa = XCBuildConfiguration;
			buildSettings = {
				ALWAYS_EMBED_SWIFT_STANDARD_LIBRARIES = YES;
				BUNDLE_LOADER = "$(TEST_HOST)";
				CODE_SIGN_STYLE = Automatic;
				INFOPLIST_FILE = preworkTests/Info.plist;
				IPHONEOS_DEPLOYMENT_TARGET = 14.5;
				LD_RUNPATH_SEARCH_PATHS = (
					"$(inherited)",
					"@executable_path/Frameworks",
					"@loader_path/Frameworks",
				);
				PRODUCT_BUNDLE_IDENTIFIER = memo.com.preworkTests;
				PRODUCT_NAME = "$(TARGET_NAME)";
				SWIFT_VERSION = 5.0;
				TARGETED_DEVICE_FAMILY = "1,2";
				TEST_HOST = "$(BUILT_PRODUCTS_DIR)/prework.app/prework";
			};
			name = Debug;
		};
		A998EB7726D597A900B08209 /* Release */ = {
			isa = XCBuildConfiguration;
			buildSettings = {
				ALWAYS_EMBED_SWIFT_STANDARD_LIBRARIES = YES;
				BUNDLE_LOADER = "$(TEST_HOST)";
				CODE_SIGN_STYLE = Automatic;
				INFOPLIST_FILE = preworkTests/Info.plist;
				IPHONEOS_DEPLOYMENT_TARGET = 14.5;
				LD_RUNPATH_SEARCH_PATHS = (
					"$(inherited)",
					"@executable_path/Frameworks",
					"@loader_path/Frameworks",
				);
				PRODUCT_BUNDLE_IDENTIFIER = memo.com.preworkTests;
				PRODUCT_NAME = "$(TARGET_NAME)";
				SWIFT_VERSION = 5.0;
				TARGETED_DEVICE_FAMILY = "1,2";
				TEST_HOST = "$(BUILT_PRODUCTS_DIR)/prework.app/prework";
			};
			name = Release;
		};
		A998EB7926D597A900B08209 /* Debug */ = {
			isa = XCBuildConfiguration;
			buildSettings = {
				ALWAYS_EMBED_SWIFT_STANDARD_LIBRARIES = YES;
				CODE_SIGN_STYLE = Automatic;
				INFOPLIST_FILE = preworkUITests/Info.plist;
				LD_RUNPATH_SEARCH_PATHS = (
					"$(inherited)",
					"@executable_path/Frameworks",
					"@loader_path/Frameworks",
				);
				PRODUCT_BUNDLE_IDENTIFIER = memo.com.preworkUITests;
				PRODUCT_NAME = "$(TARGET_NAME)";
				SWIFT_VERSION = 5.0;
				TARGETED_DEVICE_FAMILY = "1,2";
				TEST_TARGET_NAME = prework;
			};
			name = Debug;
		};
		A998EB7A26D597A900B08209 /* Release */ = {
			isa = XCBuildConfiguration;
			buildSettings = {
				ALWAYS_EMBED_SWIFT_STANDARD_LIBRARIES = YES;
				CODE_SIGN_STYLE = Automatic;
				INFOPLIST_FILE = preworkUITests/Info.plist;
				LD_RUNPATH_SEARCH_PATHS = (
					"$(inherited)",
					"@executable_path/Frameworks",
					"@loader_path/Frameworks",
				);
				PRODUCT_BUNDLE_IDENTIFIER = memo.com.preworkUITests;
				PRODUCT_NAME = "$(TARGET_NAME)";
				SWIFT_VERSION = 5.0;
				TARGETED_DEVICE_FAMILY = "1,2";
				TEST_TARGET_NAME = prework;
			};
			name = Release;
		};
/* End XCBuildConfiguration section */

/* Begin XCConfigurationList section */
		A998EB4326D597A600B08209 /* Build configuration list for PBXProject "prework" */ = {
			isa = XCConfigurationList;
			buildConfigurations = (
				A998EB7026D597A900B08209 /* Debug */,
				A998EB7126D597A900B08209 /* Release */,
			);
			defaultConfigurationIsVisible = 0;
			defaultConfigurationName = Release;
		};
		A998EB7226D597A900B08209 /* Build configuration list for PBXNativeTarget "prework" */ = {
			isa = XCConfigurationList;
			buildConfigurations = (
				A998EB7326D597A900B08209 /* Debug */,
				A998EB7426D597A900B08209 /* Release */,
			);
			defaultConfigurationIsVisible = 0;
			defaultConfigurationName = Release;
		};
		A998EB7526D597A900B08209 /* Build configuration list for PBXNativeTarget "preworkTests" */ = {
			isa = XCConfigurationList;
			buildConfigurations = (
				A998EB7626D597A900B08209 /* Debug */,
				A998EB7726D597A900B08209 /* Release */,
			);
			defaultConfigurationIsVisible = 0;
			defaultConfigurationName = Release;
		};
		A998EB7826D597A900B08209 /* Build configuration list for PBXNativeTarget "preworkUITests" */ = {
			isa = XCConfigurationList;
			buildConfigurations = (
				A998EB7926D597A900B08209 /* Debug */,
				A998EB7A26D597A900B08209 /* Release */,
			);
			defaultConfigurationIsVisible = 0;
			defaultConfigurationName = Release;
		};
/* End XCConfigurationList section */
	};
	rootObject = A998EB4026D597A600B08209 /* Project object */;
}
